
Microsoft Visual Studio Solution File, Format Version 12.00
# Visual Studio Version 16
VisualStudioVersion = 16.0.30621.155
MinimumVisualStudioVersion = 10.0.40219.1
Project("{8BC9CEB8-8B4A-11D0-8D11-00A0C91BC942}") = "Lab__13", "Lab__13\Lab__13.vcxproj", "{5FEB4D11-A51E-42B2-96D0-9A03B0D61D56}"
EndProject
Global
	GlobalSection(SolutionConfigurationPlatforms) = preSolution
		Debug|x64 = Debug|x64
		Debug|x86 = Debug|x86
		Release|x64 = Release|x64
		Release|x86 = Release|x86
	EndGlobalSection
	GlobalSection(ProjectConfigurationPlatforms) = postSolution
		{5FEB4D11-A51E-42B2-96D0-9A03B0D61D56}.Debug|x64.ActiveCfg = Debug|x64
		{5FEB4D11-A51E-42B2-96D0-9A03B0D61D56}.Debug|x64.Build.0 = Debug|x64
		{5FEB4D11-A51E-42B2-96D0-9A03B0D61D56}.Debug|x86.ActiveCfg = Debug|Win32
		{5FEB4D11-A51E-42B2-96D0-9A03B0D61D56}.Debug|x86.Build.0 = Debug|Win32
		{5FEB4D11-A51E-42B2-96D0-9A03B0D61D56}.Release|x64.ActiveCfg = Release|x64
		{5FEB4D11-A51E-42B2-96D0-9A03B0D61D56}.Release|x64.Build.0 = Release|x64
		{5FEB4D11-A51E-42B2-96D0-9A03B0D61D56}.Release|x86.ActiveCfg = Release|Win32
		{5FEB4D11-A51E-42B2-96D0-9A03B0D61D56}.Release|x86.Build.0 = Release|Win32
	EndGlobalSection
	GlobalSection(SolutionProperties) = preSolution
		HideSolutionNode = FALSE
	EndGlobalSection
	GlobalSection(ExtensibilityGlobals) = postSolution
		SolutionGuid = {B317CE58-295E-495B-9D05-F027C199475E}
	EndGlobalSection
EndGlobal
